// !$*UTF8*$!
{
	archiveVersion = 1;
	classes = {
	};
	objectVersion = 55;
	objects = {

/* Begin PBXBuildFile section */
		579F54FB29086ACF000935E8 /* FlickrAppApp.swift in Sources */ = {isa = PBXBuildFile; fileRef = 579F54FA29086ACF000935E8 /* FlickrAppApp.swift */; };
		579F54FD29086ACF000935E8 /* ContentView.swift in Sources */ = {isa = PBXBuildFile; fileRef = 579F54FC29086ACF000935E8 /* ContentView.swift */; };
		579F54FF29086AD0000935E8 /* Assets.xcassets in Resources */ = {isa = PBXBuildFile; fileRef = 579F54FE29086AD0000935E8 /* Assets.xcassets */; };
		579F550229086AD0000935E8 /* Preview Assets.xcassets in Resources */ = {isa = PBXBuildFile; fileRef = 579F550129086AD0000935E8 /* Preview Assets.xcassets */; };
		579F550D29086B45000935E8 /* FlickrFeed.swift in Sources */ = {isa = PBXBuildFile; fileRef = 579F550C29086B45000935E8 /* FlickrFeed.swift */; };
		579F550F29086B96000935E8 /* NetworkRequests.swift in Sources */ = {isa = PBXBuildFile; fileRef = 579F550E29086B96000935E8 /* NetworkRequests.swift */; };
		579F551129086BA6000935E8 /* NetworkManager.swift in Sources */ = {isa = PBXBuildFile; fileRef = 579F551029086BA6000935E8 /* NetworkManager.swift */; };
		579F551329086BB5000935E8 /* NetworkType.swift in Sources */ = {isa = PBXBuildFile; fileRef = 579F551229086BB5000935E8 /* NetworkType.swift */; };
		579F551529086BEB000935E8 /* NetworkError.swift in Sources */ = {isa = PBXBuildFile; fileRef = 579F551429086BEB000935E8 /* NetworkError.swift */; };
		579F551729086DE3000935E8 /* FlickrListViewModel.swift in Sources */ = {isa = PBXBuildFile; fileRef = 579F551629086DE3000935E8 /* FlickrListViewModel.swift */; };
		C0059609290AB74400063212 /* DetailView.swift in Sources */ = {isa = PBXBuildFile; fileRef = C0059608290AB74400063212 /* DetailView.swift */; };
/* End PBXBuildFile section */

/* Begin PBXFileReference section */
		579F54F729086ACF000935E8 /* FlickrApp.app */ = {isa = PBXFileReference; explicitFileType = wrapper.application; includeInIndex = 0; path = FlickrApp.app; sourceTree = BUILT_PRODUCTS_DIR; };
		579F54FA29086ACF000935E8 /* FlickrAppApp.swift */ = {isa = PBXFileReference; lastKnownFileType = sourcecode.swift; path = FlickrAppApp.swift; sourceTree = "<group>"; };
		579F54FC29086ACF000935E8 /* ContentView.swift */ = {isa = PBXFileReference; lastKnownFileType = sourcecode.swift; path = ContentView.swift; sourceTree = "<group>"; };
		579F54FE29086AD0000935E8 /* Assets.xcassets */ = {isa = PBXFileReference; lastKnownFileType = folder.assetcatalog; path = Assets.xcassets; sourceTree = "<group>"; };
		579F550129086AD0000935E8 /* Preview Assets.xcassets */ = {isa = PBXFileReference; lastKnownFileType = folder.assetcatalog; path = "Preview Assets.xcassets"; sourceTree = "<group>"; };
		579F550C29086B45000935E8 /* FlickrFeed.swift */ = {isa = PBXFileReference; lastKnownFileType = sourcecode.swift; path = FlickrFeed.swift; sourceTree = "<group>"; };
		579F550E29086B96000935E8 /* NetworkRequests.swift */ = {isa = PBXFileReference; lastKnownFileType = sourcecode.swift; path = NetworkRequests.swift; sourceTree = "<group>"; };
		579F551029086BA6000935E8 /* NetworkManager.swift */ = {isa = PBXFileReference; lastKnownFileType = sourcecode.swift; path = NetworkManager.swift; sourceTree = "<group>"; };
		579F551229086BB5000935E8 /* NetworkType.swift */ = {isa = PBXFileReference; lastKnownFileType = sourcecode.swift; path = NetworkType.swift; sourceTree = "<group>"; };
		579F551429086BEB000935E8 /* NetworkError.swift */ = {isa = PBXFileReference; lastKnownFileType = sourcecode.swift; path = NetworkError.swift; sourceTree = "<group>"; };
		579F551629086DE3000935E8 /* FlickrListViewModel.swift */ = {isa = PBXFileReference; lastKnownFileType = sourcecode.swift; path = FlickrListViewModel.swift; sourceTree = "<group>"; };
		C0059608290AB74400063212 /* DetailView.swift */ = {isa = PBXFileReference; lastKnownFileType = sourcecode.swift; path = DetailView.swift; sourceTree = "<group>"; };
/* End PBXFileReference section */

/* Begin PBXFrameworksBuildPhase section */
		579F54F429086ACF000935E8 /* Frameworks */ = {
			isa = PBXFrameworksBuildPhase;
			buildActionMask = 2147483647;
			files = (
			);
			runOnlyForDeploymentPostprocessing = 0;
		};
/* End PBXFrameworksBuildPhase section */

/* Begin PBXGroup section */
		579F54EE29086ACF000935E8 = {
			isa = PBXGroup;
			children = (
				579F54F929086ACF000935E8 /* FlickrApp */,
				579F54F829086ACF000935E8 /* Products */,
			);
			sourceTree = "<group>";
		};
		579F54F829086ACF000935E8 /* Products */ = {
			isa = PBXGroup;
			children = (
				579F54F729086ACF000935E8 /* FlickrApp.app */,
			);
			name = Products;
			sourceTree = "<group>";
		};
		579F54F929086ACF000935E8 /* FlickrApp */ = {
			isa = PBXGroup;
			children = (
				579F550B29086B03000935E8 /* Service */,
				579F550A29086AFE000935E8 /* View */,
				579F550929086AF3000935E8 /* ViewModel */,
				579F550829086AD6000935E8 /* Model */,
				579F54FA29086ACF000935E8 /* FlickrAppApp.swift */,
				579F54FE29086AD0000935E8 /* Assets.xcassets */,
				579F550029086AD0000935E8 /* Preview Content */,
			);
			path = FlickrApp;
			sourceTree = "<group>";
		};
		579F550029086AD0000935E8 /* Preview Content */ = {
			isa = PBXGroup;
			children = (
				579F550129086AD0000935E8 /* Preview Assets.xcassets */,
			);
			path = "Preview Content";
			sourceTree = "<group>";
		};
		579F550829086AD6000935E8 /* Model */ = {
			isa = PBXGroup;
			children = (
				579F550C29086B45000935E8 /* FlickrFeed.swift */,
			);
			path = Model;
			sourceTree = "<group>";
		};
		579F550929086AF3000935E8 /* ViewModel */ = {
			isa = PBXGroup;
			children = (
				579F551629086DE3000935E8 /* FlickrListViewModel.swift */,
			);
			path = ViewModel;
			sourceTree = "<group>";
		};
		579F550A29086AFE000935E8 /* View */ = {
			isa = PBXGroup;
			children = (
				579F54FC29086ACF000935E8 /* ContentView.swift */,
				C0059608290AB74400063212 /* DetailView.swift */,
			);
			path = View;
			sourceTree = "<group>";
		};
		579F550B29086B03000935E8 /* Service */ = {
			isa = PBXGroup;
			children = (
				579F550E29086B96000935E8 /* NetworkRequests.swift */,
				579F551229086BB5000935E8 /* NetworkType.swift */,
				579F551029086BA6000935E8 /* NetworkManager.swift */,
				579F551429086BEB000935E8 /* NetworkError.swift */,
			);
			path = Service;
			sourceTree = "<group>";
		};
/* End PBXGroup section */

/* Begin PBXNativeTarget section */
		579F54F629086ACF000935E8 /* FlickrApp */ = {
			isa = PBXNativeTarget;
			buildConfigurationList = 579F550529086AD0000935E8 /* Build configuration list for PBXNativeTarget "FlickrApp" */;
			buildPhases = (
				579F54F329086ACF000935E8 /* Sources */,
				579F54F429086ACF000935E8 /* Frameworks */,
				579F54F529086ACF000935E8 /* Resources */,
			);
			buildRules = (
			);
			dependencies = (
			);
			name = FlickrApp;
			productName = FlickrApp;
			productReference = 579F54F729086ACF000935E8 /* FlickrApp.app */;
			productType = "com.apple.product-type.application";
		};
/* End PBXNativeTarget section */

/* Begin PBXProject section */
		579F54EF29086ACF000935E8 /* Project object */ = {
			isa = PBXProject;
			attributes = {
				BuildIndependentTargetsInParallel = 1;
				LastSwiftUpdateCheck = 1320;
				LastUpgradeCheck = 1320;
				TargetAttributes = {
					579F54F629086ACF000935E8 = {
						CreatedOnToolsVersion = 13.2.1;
					};
				};
			};
			buildConfigurationList = 579F54F229086ACF000935E8 /* Build configuration list for PBXProject "FlickrApp" */;
			compatibilityVersion = "Xcode 13.0";
			developmentRegion = en;
			hasScannedForEncodings = 0;
			knownRegions = (
				en,
				Base,
			);
			mainGroup = 579F54EE29086ACF000935E8;
			productRefGroup = 579F54F829086ACF000935E8 /* Products */;
			projectDirPath = "";
			projectRoot = "";
			targets = (
				579F54F629086ACF000935E8 /* FlickrApp */,
			);
		};
/* End PBXProject section */

/* Begin PBXResourcesBuildPhase section */
		579F54F529086ACF000935E8 /* Resources */ = {
			isa = PBXResourcesBuildPhase;
			buildActionMask = 2147483647;
			files = (
				579F550229086AD0000935E8 /* Preview Assets.xcassets in Resources */,
				579F54FF29086AD0000935E8 /* Assets.xcassets in Resources */,
			);
			runOnlyForDeploymentPostprocessing = 0;
		};
/* End PBXResourcesBuildPhase section */

/* Begin PBXSourcesBuildPhase section */
		579F54F329086ACF000935E8 /* Sources */ = {
			isa = PBXSourcesBuildPhase;
			buildActionMask = 2147483647;
			files = (
				579F551329086BB5000935E8 /* NetworkType.swift in Sources */,
				C0059609290AB74400063212 /* DetailView.swift in Sources */,
				579F551529086BEB000935E8 /* NetworkError.swift in Sources */,
				579F550D29086B45000935E8 /* FlickrFeed.swift in Sources */,
				579F54FD29086ACF000935E8 /* ContentView.swift in Sources */,
				579F551129086BA6000935E8 /* NetworkManager.swift in Sources */,
				579F550F29086B96000935E8 /* NetworkRequests.swift in Sources */,
				579F54FB29086ACF000935E8 /* FlickrAppApp.swift in Sources */,
				579F551729086DE3000935E8 /* FlickrListViewModel.swift in Sources */,
			);
			runOnlyForDeploymentPostprocessing = 0;
		};
/* End PBXSourcesBuildPhase section */

/* Begin XCBuildConfiguration section */
		579F550329086AD0000935E8 /* Debug */ = {
			isa = XCBuildConfiguration;
			buildSettings = {
				ALWAYS_SEARCH_USER_PATHS = NO;
				CLANG_ANALYZER_NONNULL = YES;
				CLANG_ANALYZER_NUMBER_OBJECT_CONVERSION = YES_AGGRESSIVE;
				CLANG_CXX_LANGUAGE_STANDARD = "gnu++17";
				CLANG_CXX_LIBRARY = "libc++";
				CLANG_ENABLE_MODULES = YES;
				CLANG_ENABLE_OBJC_ARC = YES;
				CLANG_ENABLE_OBJC_WEAK = YES;
				CLANG_WARN_BLOCK_CAPTURE_AUTORELEASING = YES;
				CLANG_WARN_BOOL_CONVERSION = YES;
				CLANG_WARN_COMMA = YES;
				CLANG_WARN_CONSTANT_CONVERSION = YES;
				CLANG_WARN_DEPRECATED_OBJC_IMPLEMENTATIONS = YES;
				CLANG_WARN_DIRECT_OBJC_ISA_USAGE = YES_ERROR;
				CLANG_WARN_DOCUMENTATION_COMMENTS = YES;
				CLANG_WARN_EMPTY_BODY = YES;
				CLANG_WARN_ENUM_CONVERSION = YES;
				CLANG_WARN_INFINITE_RECURSION = YES;
				CLANG_WARN_INT_CONVERSION = YES;
				CLANG_WARN_NON_LITERAL_NULL_CONVERSION = YES;
				CLANG_WARN_OBJC_IMPLICIT_RETAIN_SELF = YES;
				CLANG_WARN_OBJC_LITERAL_CONVERSION = YES;
				CLANG_WARN_OBJC_ROOT_CLASS = YES_ERROR;
				CLANG_WARN_QUOTED_INCLUDE_IN_FRAMEWORK_HEADER = YES;
				CLANG_WARN_RANGE_LOOP_ANALYSIS = YES;
				CLANG_WARN_STRICT_PROTOTYPES = YES;
				CLANG_WARN_SUSPICIOUS_MOVE = YES;
				CLANG_WARN_UNGUARDED_AVAILABILITY = YES_AGGRESSIVE;
				CLANG_WARN_UNREACHABLE_CODE = YES;
				CLANG_WARN__DUPLICATE_METHOD_MATCH = YES;
				COPY_PHASE_STRIP = NO;
				DEBUG_INFORMATION_FORMAT = dwarf;
				ENABLE_STRICT_OBJC_MSGSEND = YES;
				ENABLE_TESTABILITY = YES;
				GCC_C_LANGUAGE_STANDARD = gnu11;
				GCC_DYNAMIC_NO_PIC = NO;
				GCC_NO_COMMON_BLOCKS = YES;
				GCC_OPTIMIZATION_LEVEL = 0;
				GCC_PREPROCESSOR_DEFINITIONS = (
					"DEBUG=1",
					"$(inherited)",
				);
				GCC_WARN_64_TO_32_BIT_CONVERSION = YES;
				GCC_WARN_ABOUT_RETURN_TYPE = YES_ERROR;
				GCC_WARN_UNDECLARED_SELECTOR = YES;
				GCC_WARN_UNINITIALIZED_AUTOS = YES_AGGRESSIVE;
				GCC_WARN_UNUSED_FUNCTION = YES;
				GCC_WARN_UNUSED_VARIABLE = YES;
				IPHONEOS_DEPLOYMENT_TARGET = 15.2;
				MTL_ENABLE_DEBUG_INFO = INCLUDE_SOURCE;
				MTL_FAST_MATH = YES;
				ONLY_ACTIVE_ARCH = YES;
				SDKROOT = iphoneos;
				SWIFT_ACTIVE_COMPILATION_CONDITIONS = DEBUG;
				SWIFT_OPTIMIZATION_LEVEL = "-Onone";
			};
			name = Debug;
		};
		579F550429086AD0000935E8 /* Release */ = {
			isa = XCBuildConfiguration;
			buildSettings = {
				ALWAYS_SEARCH_USER_PATHS = NO;
				CLANG_ANALYZER_NONNULL = YES;
				CLANG_ANALYZER_NUMBER_OBJECT_CONVERSION = YES_AGGRESSIVE;
				CLANG_CXX_LANGUAGE_STANDARD = "gnu++17";
				CLANG_CXX_LIBRARY = "libc++";
				CLANG_ENABLE_MODULES = YES;
				CLANG_ENABLE_OBJC_ARC = YES;
				CLANG_ENABLE_OBJC_WEAK = YES;
				CLANG_WARN_BLOCK_CAPTURE_AUTORELEASING = YES;
				CLANG_WARN_BOOL_CONVERSION = YES;
				CLANG_WARN_COMMA = YES;
				CLANG_WARN_CONSTANT_CONVERSION = YES;
				CLANG_WARN_DEPRECATED_OBJC_IMPLEMENTATIONS = YES;
				CLANG_WARN_DIRECT_OBJC_ISA_USAGE = YES_ERROR;
				CLANG_WARN_DOCUMENTATION_COMMENTS = YES;
				CLANG_WARN_EMPTY_BODY = YES;
				CLANG_WARN_ENUM_CONVERSION = YES;
				CLANG_WARN_INFINITE_RECURSION = YES;
				CLANG_WARN_INT_CONVERSION = YES;
				CLANG_WARN_NON_LITERAL_NULL_CONVERSION = YES;
				CLANG_WARN_OBJC_IMPLICIT_RETAIN_SELF = YES;
				CLANG_WARN_OBJC_LITERAL_CONVERSION = YES;
				CLANG_WARN_OBJC_ROOT_CLASS = YES_ERROR;
				CLANG_WARN_QUOTED_INCLUDE_IN_FRAMEWORK_HEADER = YES;
				CLANG_WARN_RANGE_LOOP_ANALYSIS = YES;
				CLANG_WARN_STRICT_PROTOTYPES = YES;
				CLANG_WARN_SUSPICIOUS_MOVE = YES;
				CLANG_WARN_UNGUARDED_AVAILABILITY = YES_AGGRESSIVE;
				CLANG_WARN_UNREACHABLE_CODE = YES;
				CLANG_WARN__DUPLICATE_METHOD_MATCH = YES;
				COPY_PHASE_STRIP = NO;
				DEBUG_INFORMATION_FORMAT = "dwarf-with-dsym";
				ENABLE_NS_ASSERTIONS = NO;
				ENABLE_STRICT_OBJC_MSGSEND = YES;
				GCC_C_LANGUAGE_STANDARD = gnu11;
				GCC_NO_COMMON_BLOCKS = YES;
				GCC_WARN_64_TO_32_BIT_CONVERSION = YES;
				GCC_WARN_ABOUT_RETURN_TYPE = YES_ERROR;
				GCC_WARN_UNDECLARED_SELECTOR = YES;
				GCC_WARN_UNINITIALIZED_AUTOS = YES_AGGRESSIVE;
				GCC_WARN_UNUSED_FUNCTION = YES;
				GCC_WARN_UNUSED_VARIABLE = YES;
				IPHONEOS_DEPLOYMENT_TARGET = 15.2;
				MTL_ENABLE_DEBUG_INFO = NO;
				MTL_FAST_MATH = YES;
				SDKROOT = iphoneos;
				SWIFT_COMPILATION_MODE = wholemodule;
				SWIFT_OPTIMIZATION_LEVEL = "-O";
				VALIDATE_PRODUCT = YES;
			};
			name = Release;
		};
		579F550629086AD0000935E8 /* Debug */ = {
			isa = XCBuildConfiguration;
			buildSettings = {
				ASSETCATALOG_COMPILER_APPICON_NAME = AppIcon;
				ASSETCATALOG_COMPILER_GLOBAL_ACCENT_COLOR_NAME = AccentColor;
				CODE_SIGN_STYLE = Automatic;
				CURRENT_PROJECT_VERSION = 1;
				DEVELOPMENT_ASSET_PATHS = "\"FlickrApp/Preview Content\"";
				ENABLE_PREVIEWS = YES;
				GENERATE_INFOPLIST_FILE = YES;
				INFOPLIST_KEY_UIApplicationSceneManifest_Generation = YES;
				INFOPLIST_KEY_UIApplicationSupportsIndirectInputEvents = YES;
				INFOPLIST_KEY_UILaunchScreen_Generation = YES;
				INFOPLIST_KEY_UISupportedInterfaceOrientations_iPad = "UIInterfaceOrientationPortrait UIInterfaceOrientationPortraitUpsideDown UIInterfaceOrientationLandscapeLeft UIInterfaceOrientationLandscapeRight";
				INFOPLIST_KEY_UISupportedInterfaceOrientations_iPhone = "UIInterfaceOrientationPortrait UIInterfaceOrientationLandscapeLeft UIInterfaceOrientationLandscapeRight";
				LD_RUNPATH_SEARCH_PATHS = (
					"$(inherited)",
					"@executable_path/Frameworks",
				);
				MARKETING_VERSION = 1.0;
				PRODUCT_BUNDLE_IDENTIFIER = DuaneStrothers.FlickrApp;
				PRODUCT_NAME = "$(TARGET_NAME)";
				SWIFT_EMIT_LOC_STRINGS = YES;
				SWIFT_VERSION = 5.0;
				TARGETED_DEVICE_FAMILY = "1,2";
			};
			name = Debug;
		};
		579F550729086AD0000935E8 /* Release */ = {
			isa = XCBuildConfiguration;
			buildSettings = {
				ASSETCATALOG_COMPILER_APPICON_NAME = AppIcon;
				ASSETCATALOG_COMPILER_GLOBAL_ACCENT_COLOR_NAME = AccentColor;
				CODE_SIGN_STYLE = Automatic;
				CURRENT_PROJECT_VERSION = 1;
				DEVELOPMENT_ASSET_PATHS = "\"FlickrApp/Preview Content\"";
				ENABLE_PREVIEWS = YES;
				GENERATE_INFOPLIST_FILE = YES;
				INFOPLIST_KEY_UIApplicationSceneManifest_Generation = YES;
				INFOPLIST_KEY_UIApplicationSupportsIndirectInputEvents = YES;
				INFOPLIST_KEY_UILaunchScreen_Generation = YES;
				INFOPLIST_KEY_UISupportedInterfaceOrientations_iPad = "UIInterfaceOrientationPortrait UIInterfaceOrientationPortraitUpsideDown UIInterfaceOrientationLandscapeLeft UIInterfaceOrientationLandscapeRight";
				INFOPLIST_KEY_UISupportedInterfaceOrientations_iPhone = "UIInterfaceOrientationPortrait UIInterfaceOrientationLandscapeLeft UIInterfaceOrientationLandscapeRight";
				LD_RUNPATH_SEARCH_PATHS = (
					"$(inherited)",
					"@executable_path/Frameworks",
				);
				MARKETING_VERSION = 1.0;
				PRODUCT_BUNDLE_IDENTIFIER = DuaneStrothers.FlickrApp;
				PRODUCT_NAME = "$(TARGET_NAME)";
				SWIFT_EMIT_LOC_STRINGS = YES;
				SWIFT_VERSION = 5.0;
				TARGETED_DEVICE_FAMILY = "1,2";
			};
			name = Release;
		};
/* End XCBuildConfiguration section */

/* Begin XCConfigurationList section */
		579F54F229086ACF000935E8 /* Build configuration list for PBXProject "FlickrApp" */ = {
			isa = XCConfigurationList;
			buildConfigurations = (
				579F550329086AD0000935E8 /* Debug */,
				579F550429086AD0000935E8 /* Release */,
			);
			defaultConfigurationIsVisible = 0;
			defaultConfigurationName = Release;
		};
		579F550529086AD0000935E8 /* Build configuration list for PBXNativeTarget "FlickrApp" */ = {
			isa = XCConfigurationList;
			buildConfigurations = (
				579F550629086AD0000935E8 /* Debug */,
				579F550729086AD0000935E8 /* Release */,
			);
			defaultConfigurationIsVisible = 0;
			defaultConfigurationName = Release;
		};
/* End XCConfigurationList section */
	};
	rootObject = 579F54EF29086ACF000935E8 /* Project object */;
}
